
Microsoft Visual Studio Solution File, Format Version 12.00
# Visual Studio Version 17
VisualStudioVersion = 17.5.002.0
MinimumVisualStudioVersion = 10.0.40219.1
Project("{9A19103F-16F7-4668-BE54-9A1E7A4F7556}") = "DIApplication", "DIApplication.csproj", "{0599712A-55DD-4979-B51A-D85C58DBD4AE}"
EndProject
Project("{FAE04EC0-301F-11D3-BF4B-00C04F79EFBC}") = "Domain", "Domain\Domain.csproj", "{A8AE77C5-3640-4633-A8DB-620A776BEEFD}"
EndProject
Global
	GlobalSection(SolutionConfigurationPlatforms) = preSolution
		Debug|Any CPU = Debug|Any CPU
		Release|Any CPU = Release|Any CPU
	EndGlobalSection
	GlobalSection(ProjectConfigurationPlatforms) = postSolution
		{0599712A-55DD-4979-B51A-D85C58DBD4AE}.Debug|Any CPU.ActiveCfg = Debug|Any CPU
		{0599712A-55DD-4979-B51A-D85C58DBD4AE}.Debug|Any CPU.Build.0 = Debug|Any CPU
		{0599712A-55DD-4979-B51A-D85C58DBD4AE}.Release|Any CPU.ActiveCfg = Release|Any CPU
		{0599712A-55DD-4979-B51A-D85C58DBD4AE}.Release|Any CPU.Build.0 = Release|Any CPU
		{A8AE77C5-3640-4633-A8DB-620A776BEEFD}.Debug|Any CPU.ActiveCfg = Debug|Any CPU
		{A8AE77C5-3640-4633-A8DB-620A776BEEFD}.Debug|Any CPU.Build.0 = Debug|Any CPU
		{A8AE77C5-3640-4633-A8DB-620A776BEEFD}.Release|Any CPU.ActiveCfg = Release|Any CPU
		{A8AE77C5-3640-4633-A8DB-620A776BEEFD}.Release|Any CPU.Build.0 = Release|Any CPU
	EndGlobalSection
	GlobalSection(SolutionProperties) = preSolution
		HideSolutionNode = FALSE
	EndGlobalSection
	GlobalSection(ExtensibilityGlobals) = postSolution
		SolutionGuid = {1AFDB2C2-DBCD-4EC0-A86D-58572CED1A23}
	EndGlobalSection
EndGlobal
